
Microsoft Visual Studio Solution File, Format Version 12.00
# Visual Studio Version 17
VisualStudioVersion = 17.14.36414.22
MinimumVisualStudioVersion = 10.0.40219.1
Project("{FAE04EC0-301F-11D3-BF4B-00C04F79EFBC}") = "Login", "Login\Login.csproj", "{1B9C2A90-4DCC-4630-9D32-695D099127E3}"
EndProject
Project("{FAE04EC0-301F-11D3-BF4B-00C04F79EFBC}") = "LuigisPizza", "LuigisPizza\LuigisPizza.csproj", "{F2C20F15-E3FB-4590-9719-7F292501C628}"
EndProject
Project("{FAE04EC0-301F-11D3-BF4B-00C04F79EFBC}") = "EventPlanner", "EventPlanner\EventPlanner.csproj", "{E966A9BB-31D8-4875-8261-8AFE9A701511}"
EndProject
Project("{FAE04EC0-301F-11D3-BF4B-00C04F79EFBC}") = "Blackjack", "Blackjack\Blackjack.csproj", "{393FE6D6-873C-53C6-6EC5-219F0EB88D60}"
EndProject
Project("{FAE04EC0-301F-11D3-BF4B-00C04F79EFBC}") = "EuroConverter", "EuroConverter\EuroConverter.csproj", "{203A8C3F-BC4A-D067-7643-52225022634C}"
EndProject
Project("{FAE04EC0-301F-11D3-BF4B-00C04F79EFBC}") = "Registratie", "Registratie\Registratie.csproj", "{0D5FDDE9-8710-5DFA-A81E-530702144D1A}"
EndProject
Project("{FAE04EC0-301F-11D3-BF4B-00C04F79EFBC}") = "Rekensommen", "Rekensommen\Rekensommen.csproj", "{6801708E-2C21-8E50-DFA6-647990BA3869}"
EndProject
Project("{FAE04EC0-301F-11D3-BF4B-00C04F79EFBC}") = "RubiksCube", "RubiksCube\RubiksCube.csproj", "{F60782D8-6CA6-4A4E-A62E-A4B6F521E314}"
EndProject
Project("{FAE04EC0-301F-11D3-BF4B-00C04F79EFBC}") = "Dobbelstenen", "Dobbelstenen\Dobbelstenen.csproj", "{3F6C5AFA-3817-4DB6-ABCD-4E205FECB8DD}"
EndProject
Global
	GlobalSection(SolutionConfigurationPlatforms) = preSolution
		Debug|Any CPU = Debug|Any CPU
		Release|Any CPU = Release|Any CPU
	EndGlobalSection
	GlobalSection(ProjectConfigurationPlatforms) = postSolution
		{1B9C2A90-4DCC-4630-9D32-695D099127E3}.Debug|Any CPU.ActiveCfg = Debug|Any CPU
		{1B9C2A90-4DCC-4630-9D32-695D099127E3}.Debug|Any CPU.Build.0 = Debug|Any CPU
		{1B9C2A90-4DCC-4630-9D32-695D099127E3}.Release|Any CPU.ActiveCfg = Release|Any CPU
		{1B9C2A90-4DCC-4630-9D32-695D099127E3}.Release|Any CPU.Build.0 = Release|Any CPU
		{F2C20F15-E3FB-4590-9719-7F292501C628}.Debug|Any CPU.ActiveCfg = Debug|Any CPU
		{F2C20F15-E3FB-4590-9719-7F292501C628}.Debug|Any CPU.Build.0 = Debug|Any CPU
		{F2C20F15-E3FB-4590-9719-7F292501C628}.Release|Any CPU.ActiveCfg = Release|Any CPU
		{F2C20F15-E3FB-4590-9719-7F292501C628}.Release|Any CPU.Build.0 = Release|Any CPU
		{E966A9BB-31D8-4875-8261-8AFE9A701511}.Debug|Any CPU.ActiveCfg = Debug|Any CPU
		{E966A9BB-31D8-4875-8261-8AFE9A701511}.Debug|Any CPU.Build.0 = Debug|Any CPU
		{E966A9BB-31D8-4875-8261-8AFE9A701511}.Release|Any CPU.ActiveCfg = Release|Any CPU
		{E966A9BB-31D8-4875-8261-8AFE9A701511}.Release|Any CPU.Build.0 = Release|Any CPU
		{393FE6D6-873C-53C6-6EC5-219F0EB88D60}.Debug|Any CPU.ActiveCfg = Debug|Any CPU
		{393FE6D6-873C-53C6-6EC5-219F0EB88D60}.Debug|Any CPU.Build.0 = Debug|Any CPU
		{393FE6D6-873C-53C6-6EC5-219F0EB88D60}.Release|Any CPU.ActiveCfg = Release|Any CPU
		{393FE6D6-873C-53C6-6EC5-219F0EB88D60}.Release|Any CPU.Build.0 = Release|Any CPU
		{203A8C3F-BC4A-D067-7643-52225022634C}.Debug|Any CPU.ActiveCfg = Debug|Any CPU
		{203A8C3F-BC4A-D067-7643-52225022634C}.Debug|Any CPU.Build.0 = Debug|Any CPU
		{203A8C3F-BC4A-D067-7643-52225022634C}.Release|Any CPU.ActiveCfg = Release|Any CPU
		{203A8C3F-BC4A-D067-7643-52225022634C}.Release|Any CPU.Build.0 = Release|Any CPU
		{0D5FDDE9-8710-5DFA-A81E-530702144D1A}.Debug|Any CPU.ActiveCfg = Debug|Any CPU
		{0D5FDDE9-8710-5DFA-A81E-530702144D1A}.Debug|Any CPU.Build.0 = Debug|Any CPU
		{0D5FDDE9-8710-5DFA-A81E-530702144D1A}.Release|Any CPU.ActiveCfg = Release|Any CPU
		{0D5FDDE9-8710-5DFA-A81E-530702144D1A}.Release|Any CPU.Build.0 = Release|Any CPU
		{6801708E-2C21-8E50-DFA6-647990BA3869}.Debug|Any CPU.ActiveCfg = Debug|Any CPU
		{6801708E-2C21-8E50-DFA6-647990BA3869}.Debug|Any CPU.Build.0 = Debug|Any CPU
		{6801708E-2C21-8E50-DFA6-647990BA3869}.Release|Any CPU.ActiveCfg = Release|Any CPU
		{6801708E-2C21-8E50-DFA6-647990BA3869}.Release|Any CPU.Build.0 = Release|Any CPU
		{F60782D8-6CA6-4A4E-A62E-A4B6F521E314}.Debug|Any CPU.ActiveCfg = Debug|Any CPU
		{F60782D8-6CA6-4A4E-A62E-A4B6F521E314}.Debug|Any CPU.Build.0 = Debug|Any CPU
		{F60782D8-6CA6-4A4E-A62E-A4B6F521E314}.Release|Any CPU.ActiveCfg = Release|Any CPU
		{F60782D8-6CA6-4A4E-A62E-A4B6F521E314}.Release|Any CPU.Build.0 = Release|Any CPU
		{3F6C5AFA-3817-4DB6-ABCD-4E205FECB8DD}.Debug|Any CPU.ActiveCfg = Debug|Any CPU
		{3F6C5AFA-3817-4DB6-ABCD-4E205FECB8DD}.Debug|Any CPU.Build.0 = Debug|Any CPU
		{3F6C5AFA-3817-4DB6-ABCD-4E205FECB8DD}.Release|Any CPU.ActiveCfg = Release|Any CPU
		{3F6C5AFA-3817-4DB6-ABCD-4E205FECB8DD}.Release|Any CPU.Build.0 = Release|Any CPU
	EndGlobalSection
	GlobalSection(SolutionProperties) = preSolution
		HideSolutionNode = FALSE
	EndGlobalSection
	GlobalSection(ExtensibilityGlobals) = postSolution
		SolutionGuid = {C8A4F3AA-CC01-434A-9D9A-578AA0AF5EE9}
	EndGlobalSection
EndGlobal
