
Microsoft Visual Studio Solution File, Format Version 12.00
# Visual Studio Version 17
VisualStudioVersion = 17.14.36414.22
MinimumVisualStudioVersion = 10.0.40219.1
Project("{FAE04EC0-301F-11D3-BF4B-00C04F79EFBC}") = "Login", "Login\Login.csproj", "{1B9C2A90-4DCC-4630-9D32-695D099127E3}"
EndProject
Project("{FAE04EC0-301F-11D3-BF4B-00C04F79EFBC}") = "LuigisPizza", "LuigisPizza\LuigisPizza.csproj", "{F2C20F15-E3FB-4590-9719-7F292501C628}"
EndProject
Global
	GlobalSection(SolutionConfigurationPlatforms) = preSolution
		Debug|Any CPU = Debug|Any CPU
		Release|Any CPU = Release|Any CPU
	EndGlobalSection
	GlobalSection(ProjectConfigurationPlatforms) = postSolution
		{1B9C2A90-4DCC-4630-9D32-695D099127E3}.Debug|Any CPU.ActiveCfg = Debug|Any CPU
		{1B9C2A90-4DCC-4630-9D32-695D099127E3}.Debug|Any CPU.Build.0 = Debug|Any CPU
		{1B9C2A90-4DCC-4630-9D32-695D099127E3}.Release|Any CPU.ActiveCfg = Release|Any CPU
		{1B9C2A90-4DCC-4630-9D32-695D099127E3}.Release|Any CPU.Build.0 = Release|Any CPU
		{F2C20F15-E3FB-4590-9719-7F292501C628}.Debug|Any CPU.ActiveCfg = Debug|Any CPU
		{F2C20F15-E3FB-4590-9719-7F292501C628}.Debug|Any CPU.Build.0 = Debug|Any CPU
		{F2C20F15-E3FB-4590-9719-7F292501C628}.Release|Any CPU.ActiveCfg = Release|Any CPU
		{F2C20F15-E3FB-4590-9719-7F292501C628}.Release|Any CPU.Build.0 = Release|Any CPU
	EndGlobalSection
	GlobalSection(SolutionProperties) = preSolution
		HideSolutionNode = FALSE
	EndGlobalSection
	GlobalSection(ExtensibilityGlobals) = postSolution
		SolutionGuid = {C8A4F3AA-CC01-434A-9D9A-578AA0AF5EE9}
	EndGlobalSection
EndGlobal
